
Microsoft Visual Studio Solution File, Format Version 12.00
# Visual Studio Version 17
VisualStudioVersion = 17.0.31912.275
MinimumVisualStudioVersion = 10.0.40219.1
Project("{9A19103F-16F7-4668-BE54-9A1E7A4F7556}") = "Variables", "Variables\Variables.csproj", "{BF424F70-75DC-4241-9570-94862FE40038}"
EndProject
Project("{9A19103F-16F7-4668-BE54-9A1E7A4F7556}") = "TipoDeDatos", "TipoDeDatos\TipoDeDatos.csproj", "{506BDABF-75CA-4F3E-82C0-A63606683C40}"
EndProject
Project("{9A19103F-16F7-4668-BE54-9A1E7A4F7556}") = "Funciones", "Funciones\Funciones.csproj", "{9892DDCC-5FC3-4B43-890B-93384CD12323}"
EndProject
Project("{9A19103F-16F7-4668-BE54-9A1E7A4F7556}") = "SenenciaIfElseIf", "SenenciaIfElseIf\SenenciaIfElseIf.csproj", "{E843EA27-0D0F-4D62-9B3D-D817D0435F3B}"
EndProject
Project("{9A19103F-16F7-4668-BE54-9A1E7A4F7556}") = "Arreglos", "Arreglos\Arreglos.csproj", "{6D7F71B7-DEC6-464C-A147-FE05FBEFE2FE}"
EndProject
Project("{9A19103F-16F7-4668-BE54-9A1E7A4F7556}") = "While", "While\While.csproj", "{DE8C4063-8ACC-4CFF-8A59-2DF9703BB7C7}"
EndProject
Project("{9A19103F-16F7-4668-BE54-9A1E7A4F7556}") = "For", "For\For.csproj", "{4663561E-D54D-439C-A212-E50523E32B57}"
EndProject
Project("{9A19103F-16F7-4668-BE54-9A1E7A4F7556}") = "ClasesYObjetos", "ClasesYObjetos\ClasesYObjetos.csproj", "{CB2B4A4B-AAFF-4BF3-BA1D-08DAD2B4A4E9}"
EndProject
Project("{9A19103F-16F7-4668-BE54-9A1E7A4F7556}") = "Propiedades", "Propiedades\Propiedades.csproj", "{B7DE1AF5-E062-42C0-918C-DF101FE96E03}"
EndProject
Project("{9A19103F-16F7-4668-BE54-9A1E7A4F7556}") = "Herencia", "Herencia\Herencia.csproj", "{9B94A204-6193-4A26-8D19-98BE19E7106E}"
EndProject
Project("{9A19103F-16F7-4668-BE54-9A1E7A4F7556}") = "Sobrecarga", "Sobrecarga\Sobrecarga.csproj", "{AE480D0E-7283-414B-9936-6087706C9D33}"
EndProject
Project("{9A19103F-16F7-4668-BE54-9A1E7A4F7556}") = "Sobreescritura", "Sobreescritura\Sobreescritura.csproj", "{8EBBC8A7-044C-4D06-9614-3BDFF00BCBEC}"
EndProject
Project("{9A19103F-16F7-4668-BE54-9A1E7A4F7556}") = "Static", "Static\Static.csproj", "{503B2AEF-E681-429F-A48B-A0DB80C6453A}"
EndProject
Project("{9A19103F-16F7-4668-BE54-9A1E7A4F7556}") = "Interface", "Interface\Interface.csproj", "{887BE35C-0326-4B14-892F-2D018681C8DD}"
EndProject
Project("{9A19103F-16F7-4668-BE54-9A1E7A4F7556}") = "Generic", "Generic\Generic.csproj", "{E78CB700-469B-47FF-BE2B-CC569AB8FC59}"
EndProject
Project("{9A19103F-16F7-4668-BE54-9A1E7A4F7556}") = "Lists", "Lists\Lists.csproj", "{47FAB64F-D65B-4D0C-92FE-06C64AC923F3}"
EndProject
Project("{9A19103F-16F7-4668-BE54-9A1E7A4F7556}") = "Json", "Json\Json.csproj", "{212CFC3B-2E52-4A46-BADE-9F200EAF9C72}"
EndProject
Project("{9A19103F-16F7-4668-BE54-9A1E7A4F7556}") = "ForEach", "ForEach\ForEach.csproj", "{2C2CA929-9981-4D60-9373-83CDB42B6775}"
EndProject
Project("{9A19103F-16F7-4668-BE54-9A1E7A4F7556}") = "ListCommonMethods", "ListCommonMethods\ListCommonMethods.csproj", "{56C1FAD3-0930-49D4-AC1F-88E627E2B6F5}"
EndProject
Project("{9A19103F-16F7-4668-BE54-9A1E7A4F7556}") = "TiposAnonimos", "TiposAnonimos\TiposAnonimos.csproj", "{DED5601E-5551-4A19-8B74-F0EECC96F83B}"
EndProject
Project("{9A19103F-16F7-4668-BE54-9A1E7A4F7556}") = "Tuplas", "Tuplas\Tuplas.csproj", "{F201D4B4-83F7-4A57-9515-A73557FC356D}"
EndProject
Project("{9A19103F-16F7-4668-BE54-9A1E7A4F7556}") = "SwitchCase", "SwitchCase\SwitchCase.csproj", "{0AD1B0C6-710E-4040-85EC-DBF5E034A333}"
EndProject
Project("{9A19103F-16F7-4668-BE54-9A1E7A4F7556}") = "LINQ", "LINQ\LINQ.csproj", "{1F310B3A-57F3-4D08-87B7-46CE72C117AA}"
EndProject
Project("{9A19103F-16F7-4668-BE54-9A1E7A4F7556}") = "LINQ-Join", "LINQ-Join\LINQ-Join.csproj", "{A7A37D12-C860-4E4E-93C2-35ABDFDA4C7D}"
EndProject
Project("{9A19103F-16F7-4668-BE54-9A1E7A4F7556}") = "Excepciones", "Excepciones\Excepciones.csproj", "{5881DA33-3D9F-4ED0-B393-817A80764E05}"
EndProject
Project("{9A19103F-16F7-4668-BE54-9A1E7A4F7556}") = "ExcepcionesPersonalizadas", "ExcepcionesPersonalizadas\ExcepcionesPersonalizadas.csproj", "{F9F574A8-DA70-48D8-94F2-86437E1091D3}"
EndProject
Project("{9A19103F-16F7-4668-BE54-9A1E7A4F7556}") = "BaseDeDatos", "BaseDeDatos\BaseDeDatos.csproj", "{DB4E3FEA-54E3-429A-B9F5-DEEA955A760C}"
EndProject
Project("{9A19103F-16F7-4668-BE54-9A1E7A4F7556}") = "BD", "BD\BD.csproj", "{939611D0-C78E-439C-A47F-3112D11D7271}"
EndProject
Project("{9A19103F-16F7-4668-BE54-9A1E7A4F7556}") = "EntityFrameworkSystem", "EntityFrameworkSystem\EntityFrameworkSystem.csproj", "{4B4E5D08-7EAC-43A8-BD6B-01151934F3BC}"
EndProject
Project("{FAE04EC0-301F-11D3-BF4B-00C04F79EFBC}") = "FunctionalProgramming", "FunctionalProgramming\FunctionalProgramming.csproj", "{82AA389E-9F60-4A09-8DB1-EDDF3F35EACD}"
EndProject
Global
	GlobalSection(SolutionConfigurationPlatforms) = preSolution
		Debug|Any CPU = Debug|Any CPU
		Release|Any CPU = Release|Any CPU
	EndGlobalSection
	GlobalSection(ProjectConfigurationPlatforms) = postSolution
		{BF424F70-75DC-4241-9570-94862FE40038}.Debug|Any CPU.ActiveCfg = Debug|Any CPU
		{BF424F70-75DC-4241-9570-94862FE40038}.Debug|Any CPU.Build.0 = Debug|Any CPU
		{BF424F70-75DC-4241-9570-94862FE40038}.Release|Any CPU.ActiveCfg = Release|Any CPU
		{BF424F70-75DC-4241-9570-94862FE40038}.Release|Any CPU.Build.0 = Release|Any CPU
		{506BDABF-75CA-4F3E-82C0-A63606683C40}.Debug|Any CPU.ActiveCfg = Debug|Any CPU
		{506BDABF-75CA-4F3E-82C0-A63606683C40}.Debug|Any CPU.Build.0 = Debug|Any CPU
		{506BDABF-75CA-4F3E-82C0-A63606683C40}.Release|Any CPU.ActiveCfg = Release|Any CPU
		{506BDABF-75CA-4F3E-82C0-A63606683C40}.Release|Any CPU.Build.0 = Release|Any CPU
		{9892DDCC-5FC3-4B43-890B-93384CD12323}.Debug|Any CPU.ActiveCfg = Debug|Any CPU
		{9892DDCC-5FC3-4B43-890B-93384CD12323}.Debug|Any CPU.Build.0 = Debug|Any CPU
		{9892DDCC-5FC3-4B43-890B-93384CD12323}.Release|Any CPU.ActiveCfg = Release|Any CPU
		{9892DDCC-5FC3-4B43-890B-93384CD12323}.Release|Any CPU.Build.0 = Release|Any CPU
		{E843EA27-0D0F-4D62-9B3D-D817D0435F3B}.Debug|Any CPU.ActiveCfg = Debug|Any CPU
		{E843EA27-0D0F-4D62-9B3D-D817D0435F3B}.Debug|Any CPU.Build.0 = Debug|Any CPU
		{E843EA27-0D0F-4D62-9B3D-D817D0435F3B}.Release|Any CPU.ActiveCfg = Release|Any CPU
		{E843EA27-0D0F-4D62-9B3D-D817D0435F3B}.Release|Any CPU.Build.0 = Release|Any CPU
		{6D7F71B7-DEC6-464C-A147-FE05FBEFE2FE}.Debug|Any CPU.ActiveCfg = Debug|Any CPU
		{6D7F71B7-DEC6-464C-A147-FE05FBEFE2FE}.Debug|Any CPU.Build.0 = Debug|Any CPU
		{6D7F71B7-DEC6-464C-A147-FE05FBEFE2FE}.Release|Any CPU.ActiveCfg = Release|Any CPU
		{6D7F71B7-DEC6-464C-A147-FE05FBEFE2FE}.Release|Any CPU.Build.0 = Release|Any CPU
		{DE8C4063-8ACC-4CFF-8A59-2DF9703BB7C7}.Debug|Any CPU.ActiveCfg = Debug|Any CPU
		{DE8C4063-8ACC-4CFF-8A59-2DF9703BB7C7}.Debug|Any CPU.Build.0 = Debug|Any CPU
		{DE8C4063-8ACC-4CFF-8A59-2DF9703BB7C7}.Release|Any CPU.ActiveCfg = Release|Any CPU
		{DE8C4063-8ACC-4CFF-8A59-2DF9703BB7C7}.Release|Any CPU.Build.0 = Release|Any CPU
		{4663561E-D54D-439C-A212-E50523E32B57}.Debug|Any CPU.ActiveCfg = Debug|Any CPU
		{4663561E-D54D-439C-A212-E50523E32B57}.Debug|Any CPU.Build.0 = Debug|Any CPU
		{4663561E-D54D-439C-A212-E50523E32B57}.Release|Any CPU.ActiveCfg = Release|Any CPU
		{4663561E-D54D-439C-A212-E50523E32B57}.Release|Any CPU.Build.0 = Release|Any CPU
		{CB2B4A4B-AAFF-4BF3-BA1D-08DAD2B4A4E9}.Debug|Any CPU.ActiveCfg = Debug|Any CPU
		{CB2B4A4B-AAFF-4BF3-BA1D-08DAD2B4A4E9}.Debug|Any CPU.Build.0 = Debug|Any CPU
		{CB2B4A4B-AAFF-4BF3-BA1D-08DAD2B4A4E9}.Release|Any CPU.ActiveCfg = Release|Any CPU
		{CB2B4A4B-AAFF-4BF3-BA1D-08DAD2B4A4E9}.Release|Any CPU.Build.0 = Release|Any CPU
		{B7DE1AF5-E062-42C0-918C-DF101FE96E03}.Debug|Any CPU.ActiveCfg = Debug|Any CPU
		{B7DE1AF5-E062-42C0-918C-DF101FE96E03}.Debug|Any CPU.Build.0 = Debug|Any CPU
		{B7DE1AF5-E062-42C0-918C-DF101FE96E03}.Release|Any CPU.ActiveCfg = Release|Any CPU
		{B7DE1AF5-E062-42C0-918C-DF101FE96E03}.Release|Any CPU.Build.0 = Release|Any CPU
		{9B94A204-6193-4A26-8D19-98BE19E7106E}.Debug|Any CPU.ActiveCfg = Debug|Any CPU
		{9B94A204-6193-4A26-8D19-98BE19E7106E}.Debug|Any CPU.Build.0 = Debug|Any CPU
		{9B94A204-6193-4A26-8D19-98BE19E7106E}.Release|Any CPU.ActiveCfg = Release|Any CPU
		{9B94A204-6193-4A26-8D19-98BE19E7106E}.Release|Any CPU.Build.0 = Release|Any CPU
		{AE480D0E-7283-414B-9936-6087706C9D33}.Debug|Any CPU.ActiveCfg = Debug|Any CPU
		{AE480D0E-7283-414B-9936-6087706C9D33}.Debug|Any CPU.Build.0 = Debug|Any CPU
		{AE480D0E-7283-414B-9936-6087706C9D33}.Release|Any CPU.ActiveCfg = Release|Any CPU
		{AE480D0E-7283-414B-9936-6087706C9D33}.Release|Any CPU.Build.0 = Release|Any CPU
		{8EBBC8A7-044C-4D06-9614-3BDFF00BCBEC}.Debug|Any CPU.ActiveCfg = Debug|Any CPU
		{8EBBC8A7-044C-4D06-9614-3BDFF00BCBEC}.Debug|Any CPU.Build.0 = Debug|Any CPU
		{8EBBC8A7-044C-4D06-9614-3BDFF00BCBEC}.Release|Any CPU.ActiveCfg = Release|Any CPU
		{8EBBC8A7-044C-4D06-9614-3BDFF00BCBEC}.Release|Any CPU.Build.0 = Release|Any CPU
		{503B2AEF-E681-429F-A48B-A0DB80C6453A}.Debug|Any CPU.ActiveCfg = Debug|Any CPU
		{503B2AEF-E681-429F-A48B-A0DB80C6453A}.Debug|Any CPU.Build.0 = Debug|Any CPU
		{503B2AEF-E681-429F-A48B-A0DB80C6453A}.Release|Any CPU.ActiveCfg = Release|Any CPU
		{503B2AEF-E681-429F-A48B-A0DB80C6453A}.Release|Any CPU.Build.0 = Release|Any CPU
		{887BE35C-0326-4B14-892F-2D018681C8DD}.Debug|Any CPU.ActiveCfg = Debug|Any CPU
		{887BE35C-0326-4B14-892F-2D018681C8DD}.Debug|Any CPU.Build.0 = Debug|Any CPU
		{887BE35C-0326-4B14-892F-2D018681C8DD}.Release|Any CPU.ActiveCfg = Release|Any CPU
		{887BE35C-0326-4B14-892F-2D018681C8DD}.Release|Any CPU.Build.0 = Release|Any CPU
		{E78CB700-469B-47FF-BE2B-CC569AB8FC59}.Debug|Any CPU.ActiveCfg = Debug|Any CPU
		{E78CB700-469B-47FF-BE2B-CC569AB8FC59}.Debug|Any CPU.Build.0 = Debug|Any CPU
		{E78CB700-469B-47FF-BE2B-CC569AB8FC59}.Release|Any CPU.ActiveCfg = Release|Any CPU
		{E78CB700-469B-47FF-BE2B-CC569AB8FC59}.Release|Any CPU.Build.0 = Release|Any CPU
		{47FAB64F-D65B-4D0C-92FE-06C64AC923F3}.Debug|Any CPU.ActiveCfg = Debug|Any CPU
		{47FAB64F-D65B-4D0C-92FE-06C64AC923F3}.Debug|Any CPU.Build.0 = Debug|Any CPU
		{47FAB64F-D65B-4D0C-92FE-06C64AC923F3}.Release|Any CPU.ActiveCfg = Release|Any CPU
		{47FAB64F-D65B-4D0C-92FE-06C64AC923F3}.Release|Any CPU.Build.0 = Release|Any CPU
		{212CFC3B-2E52-4A46-BADE-9F200EAF9C72}.Debug|Any CPU.ActiveCfg = Debug|Any CPU
		{212CFC3B-2E52-4A46-BADE-9F200EAF9C72}.Debug|Any CPU.Build.0 = Debug|Any CPU
		{212CFC3B-2E52-4A46-BADE-9F200EAF9C72}.Release|Any CPU.ActiveCfg = Release|Any CPU
		{212CFC3B-2E52-4A46-BADE-9F200EAF9C72}.Release|Any CPU.Build.0 = Release|Any CPU
		{2C2CA929-9981-4D60-9373-83CDB42B6775}.Debug|Any CPU.ActiveCfg = Debug|Any CPU
		{2C2CA929-9981-4D60-9373-83CDB42B6775}.Debug|Any CPU.Build.0 = Debug|Any CPU
		{2C2CA929-9981-4D60-9373-83CDB42B6775}.Release|Any CPU.ActiveCfg = Release|Any CPU
		{2C2CA929-9981-4D60-9373-83CDB42B6775}.Release|Any CPU.Build.0 = Release|Any CPU
		{56C1FAD3-0930-49D4-AC1F-88E627E2B6F5}.Debug|Any CPU.ActiveCfg = Debug|Any CPU
		{56C1FAD3-0930-49D4-AC1F-88E627E2B6F5}.Debug|Any CPU.Build.0 = Debug|Any CPU
		{56C1FAD3-0930-49D4-AC1F-88E627E2B6F5}.Release|Any CPU.ActiveCfg = Release|Any CPU
		{56C1FAD3-0930-49D4-AC1F-88E627E2B6F5}.Release|Any CPU.Build.0 = Release|Any CPU
		{DED5601E-5551-4A19-8B74-F0EECC96F83B}.Debug|Any CPU.ActiveCfg = Debug|Any CPU
		{DED5601E-5551-4A19-8B74-F0EECC96F83B}.Debug|Any CPU.Build.0 = Debug|Any CPU
		{DED5601E-5551-4A19-8B74-F0EECC96F83B}.Release|Any CPU.ActiveCfg = Release|Any CPU
		{DED5601E-5551-4A19-8B74-F0EECC96F83B}.Release|Any CPU.Build.0 = Release|Any CPU
		{F201D4B4-83F7-4A57-9515-A73557FC356D}.Debug|Any CPU.ActiveCfg = Debug|Any CPU
		{F201D4B4-83F7-4A57-9515-A73557FC356D}.Debug|Any CPU.Build.0 = Debug|Any CPU
		{F201D4B4-83F7-4A57-9515-A73557FC356D}.Release|Any CPU.ActiveCfg = Release|Any CPU
		{F201D4B4-83F7-4A57-9515-A73557FC356D}.Release|Any CPU.Build.0 = Release|Any CPU
		{0AD1B0C6-710E-4040-85EC-DBF5E034A333}.Debug|Any CPU.ActiveCfg = Debug|Any CPU
		{0AD1B0C6-710E-4040-85EC-DBF5E034A333}.Debug|Any CPU.Build.0 = Debug|Any CPU
		{0AD1B0C6-710E-4040-85EC-DBF5E034A333}.Release|Any CPU.ActiveCfg = Release|Any CPU
		{0AD1B0C6-710E-4040-85EC-DBF5E034A333}.Release|Any CPU.Build.0 = Release|Any CPU
		{1F310B3A-57F3-4D08-87B7-46CE72C117AA}.Debug|Any CPU.ActiveCfg = Debug|Any CPU
		{1F310B3A-57F3-4D08-87B7-46CE72C117AA}.Debug|Any CPU.Build.0 = Debug|Any CPU
		{1F310B3A-57F3-4D08-87B7-46CE72C117AA}.Release|Any CPU.ActiveCfg = Release|Any CPU
		{1F310B3A-57F3-4D08-87B7-46CE72C117AA}.Release|Any CPU.Build.0 = Release|Any CPU
		{A7A37D12-C860-4E4E-93C2-35ABDFDA4C7D}.Debug|Any CPU.ActiveCfg = Debug|Any CPU
		{A7A37D12-C860-4E4E-93C2-35ABDFDA4C7D}.Debug|Any CPU.Build.0 = Debug|Any CPU
		{A7A37D12-C860-4E4E-93C2-35ABDFDA4C7D}.Release|Any CPU.ActiveCfg = Release|Any CPU
		{A7A37D12-C860-4E4E-93C2-35ABDFDA4C7D}.Release|Any CPU.Build.0 = Release|Any CPU
		{5881DA33-3D9F-4ED0-B393-817A80764E05}.Debug|Any CPU.ActiveCfg = Debug|Any CPU
		{5881DA33-3D9F-4ED0-B393-817A80764E05}.Debug|Any CPU.Build.0 = Debug|Any CPU
		{5881DA33-3D9F-4ED0-B393-817A80764E05}.Release|Any CPU.ActiveCfg = Release|Any CPU
		{5881DA33-3D9F-4ED0-B393-817A80764E05}.Release|Any CPU.Build.0 = Release|Any CPU
		{F9F574A8-DA70-48D8-94F2-86437E1091D3}.Debug|Any CPU.ActiveCfg = Debug|Any CPU
		{F9F574A8-DA70-48D8-94F2-86437E1091D3}.Debug|Any CPU.Build.0 = Debug|Any CPU
		{F9F574A8-DA70-48D8-94F2-86437E1091D3}.Release|Any CPU.ActiveCfg = Release|Any CPU
		{F9F574A8-DA70-48D8-94F2-86437E1091D3}.Release|Any CPU.Build.0 = Release|Any CPU
		{DB4E3FEA-54E3-429A-B9F5-DEEA955A760C}.Debug|Any CPU.ActiveCfg = Debug|Any CPU
		{DB4E3FEA-54E3-429A-B9F5-DEEA955A760C}.Debug|Any CPU.Build.0 = Debug|Any CPU
		{DB4E3FEA-54E3-429A-B9F5-DEEA955A760C}.Release|Any CPU.ActiveCfg = Release|Any CPU
		{DB4E3FEA-54E3-429A-B9F5-DEEA955A760C}.Release|Any CPU.Build.0 = Release|Any CPU
		{939611D0-C78E-439C-A47F-3112D11D7271}.Debug|Any CPU.ActiveCfg = Debug|Any CPU
		{939611D0-C78E-439C-A47F-3112D11D7271}.Debug|Any CPU.Build.0 = Debug|Any CPU
		{939611D0-C78E-439C-A47F-3112D11D7271}.Release|Any CPU.ActiveCfg = Release|Any CPU
		{939611D0-C78E-439C-A47F-3112D11D7271}.Release|Any CPU.Build.0 = Release|Any CPU
		{4B4E5D08-7EAC-43A8-BD6B-01151934F3BC}.Debug|Any CPU.ActiveCfg = Debug|Any CPU
		{4B4E5D08-7EAC-43A8-BD6B-01151934F3BC}.Debug|Any CPU.Build.0 = Debug|Any CPU
		{4B4E5D08-7EAC-43A8-BD6B-01151934F3BC}.Release|Any CPU.ActiveCfg = Release|Any CPU
		{4B4E5D08-7EAC-43A8-BD6B-01151934F3BC}.Release|Any CPU.Build.0 = Release|Any CPU
		{82AA389E-9F60-4A09-8DB1-EDDF3F35EACD}.Debug|Any CPU.ActiveCfg = Debug|Any CPU
		{82AA389E-9F60-4A09-8DB1-EDDF3F35EACD}.Debug|Any CPU.Build.0 = Debug|Any CPU
		{82AA389E-9F60-4A09-8DB1-EDDF3F35EACD}.Release|Any CPU.ActiveCfg = Release|Any CPU
		{82AA389E-9F60-4A09-8DB1-EDDF3F35EACD}.Release|Any CPU.Build.0 = Release|Any CPU
	EndGlobalSection
	GlobalSection(SolutionProperties) = preSolution
		HideSolutionNode = FALSE
	EndGlobalSection
	GlobalSection(ExtensibilityGlobals) = postSolution
		SolutionGuid = {09B4839F-02B8-4B63-9371-44A965349ECC}
	EndGlobalSection
EndGlobal
